
Microsoft Visual Studio Solution File, Format Version 12.00
# Visual Studio Version 17
VisualStudioVersion = 17.5.33530.505
MinimumVisualStudioVersion = 10.0.40219.1
Project("{FAE04EC0-301F-11D3-BF4B-00C04F79EFBC}") = "Desafio1_GroupSoftware", "Desafio1_GroupSoftware\Desafio1_GroupSoftware.csproj", "{5F598973-B063-4E95-88E8-DCB5EBC21FC4}"
EndProject
Global
	GlobalSection(SolutionConfigurationPlatforms) = preSolution
		Debug|Any CPU = Debug|Any CPU
		Release|Any CPU = Release|Any CPU
	EndGlobalSection
	GlobalSection(ProjectConfigurationPlatforms) = postSolution
		{5F598973-B063-4E95-88E8-DCB5EBC21FC4}.Debug|Any CPU.ActiveCfg = Debug|Any CPU
		{5F598973-B063-4E95-88E8-DCB5EBC21FC4}.Debug|Any CPU.Build.0 = Debug|Any CPU
		{5F598973-B063-4E95-88E8-DCB5EBC21FC4}.Release|Any CPU.ActiveCfg = Release|Any CPU
		{5F598973-B063-4E95-88E8-DCB5EBC21FC4}.Release|Any CPU.Build.0 = Release|Any CPU
	EndGlobalSection
	GlobalSection(SolutionProperties) = preSolution
		HideSolutionNode = FALSE
	EndGlobalSection
	GlobalSection(ExtensibilityGlobals) = postSolution
		SolutionGuid = {B0376BA7-F384-40D3-886A-AA56D89C799E}
	EndGlobalSection
EndGlobal
